# This file is automatically @generated by Cargo.
# It is not intended for manual editing.
version = 4

[[package]]
name = "koine-application"
version = "0.1.0"
dependencies = [
 "koine-domain",
]

[[package]]
name = "koine-cli"
version = "0.1.0"

[[package]]
name = "koine-domain"
version = "0.1.0"

[[package]]
name = "koine-grpc"
version = "0.1.0"
dependencies = [
 "koine-application",
 "koine-domain",
]

[[package]]
name = "koine-http"
version = "0.1.0"
dependencies = [
 "koine-application",
 "koine-domain",
]

[[package]]
name = "koine-mcp"
version = "0.1.0"
dependencies = [
 "koine-application",
 "koine-domain",
]

[[package]]
name = "koine-observability"
version = "0.1.0"

[[package]]
name = "koine-proto"
version = "0.1.0"

[[package]]
name = "koine-server"
version = "0.1.0"
dependencies = [
 "koine-application",
 "koine-domain",
 "koine-grpc",
 "koine-http",
 "koine-mcp",
 "koine-observability",
 "koine-store-memory",
 "koine-store-postgres",
]

[[package]]
name = "koine-store-memory"
version = "0.1.0"
dependencies = [
 "koine-application",
 "koine-domain",
]

[[package]]
name = "koine-store-postgres"
version = "0.1.0"
dependencies = [
 "koine-application",
 "koine-domain",
]
