{
  "name": "koine-repository-tools",
  "lockfileVersion": 3,
  "packages": {
    "": {
      "engines": { "node": ">=22.23.1" },
      "devDependencies": { "markdownlint-cli2": "0.23.1", "js-yaml": "4.3.0" }
    },
    "node_modules/markdownlint-cli2": {
      "version": "0.23.1",
      "resolved": "https://registry.npmjs.org/markdownlint-cli2/-/markdownlint-cli2-0.23.1.tgz",
      "integrity": "sha512-wrong"
    },
    "node_modules/js-yaml": {
      "version": "4.3.0",
      "resolved": "https://registry.npmjs.org/js-yaml/-/js-yaml-4.3.0.tgz",
      "integrity": "sha512-1td788aAnnZ5qs7V2QIRl1owjtYpbKt749Y3xauqQgwIIGF/xXWz1wMTEBx5O3LK3lXLVuqXPdPxj2BoFHaW9Q=="
    }
  }
}
